{
  "requires": true,
  "lockfileVersion": 1,
  "dependencies": {
    "pell": {
      "version": "1.0.4",
      "resolved": "https://registry.npmjs.org/pell/-/pell-1.0.4.tgz",
      "integrity": "sha512-eO3FCe7Dnerbi94UmEVzc1iQ83JuAyiosyIfc9ddFoGnfp3/82sHyI86jr/M3qVpTJEbFd7TD607qSqusRq6/g=="
    }
  }
}
